// !$*UTF8*$!
{
	archiveVersion = 1;
	classes = {
	};
	objectVersion = 46;
	objects = {

/* Begin PBXBuildFile section */
		13B07FBC1A68108700A75B9A /* AppDelegate.m in Sources */ = {isa = PBXBuildFile; fileRef = 13B07FB01A68108700A75B9A /* AppDelegate.m */; };
		13B07FBD1A68108700A75B9A /* LaunchScreen.xib in Resources */ = {isa = PBXBuildFile; fileRef = 13B07FB11A68108700A75B9A /* LaunchScreen.xib */; };
		13B07FBF1A68108700A75B9A /* Images.xcassets in Resources */ = {isa = PBXBuildFile; fileRef = 13B07FB51A68108700A75B9A /* Images.xcassets */; };
		13B07FC11A68108700A75B9A /* main.m in Sources */ = {isa = PBXBuildFile; fileRef = 13B07FB71A68108700A75B9A /* main.m */; };
		34825C5B0571A99EBFDC75AD /* libPods-Template.a in Frameworks */ = {isa = PBXBuildFile; fileRef = 384103AB1911CEEDF815BBAC /* libPods-Template.a */; };
		69DA3F92EA734ADCBBAE9297 /* libz.tbd in Frameworks */ = {isa = PBXBuildFile; fileRef = A362C6323031459289636160 /* libz.tbd */; };
		C552B247F06F4FD9BD8726EF /* libc++.tbd in Frameworks */ = {isa = PBXBuildFile; fileRef = 83E0AFFD2D4146F0A65BABC1 /* libc++.tbd */; };
		ED38BFD222E318AE006AB79E /* AIRDummyView.m in Sources */ = {isa = PBXBuildFile; fileRef = ED38BFA022E318AE006AB79E /* AIRDummyView.m */; };
		ED38BFD322E318AE006AB79E /* AIRGMSMarker.m in Sources */ = {isa = PBXBuildFile; fileRef = ED38BFA222E318AE006AB79E /* AIRGMSMarker.m */; };
		ED38BFD422E318AE006AB79E /* AIRGMSPolygon.m in Sources */ = {isa = PBXBuildFile; fileRef = ED38BFA422E318AE006AB79E /* AIRGMSPolygon.m */; };
		ED38BFD522E318AE006AB79E /* AIRGMSPolyline.m in Sources */ = {isa = PBXBuildFile; fileRef = ED38BFA622E318AE006AB79E /* AIRGMSPolyline.m */; };
		ED38BFD622E318AE006AB79E /* AIRGoogleMap.m in Sources */ = {isa = PBXBuildFile; fileRef = ED38BFA822E318AE006AB79E /* AIRGoogleMap.m */; };
		ED38BFD722E318AE006AB79E /* AIRGoogleMapCallout.m in Sources */ = {isa = PBXBuildFile; fileRef = ED38BFAA22E318AE006AB79E /* AIRGoogleMapCallout.m */; };
		ED38BFD822E318AE006AB79E /* AIRGoogleMapCalloutManager.m in Sources */ = {isa = PBXBuildFile; fileRef = ED38BFAC22E318AE006AB79E /* AIRGoogleMapCalloutManager.m */; };
		ED38BFD922E318AE006AB79E /* AIRGoogleMapCalloutSubview.m in Sources */ = {isa = PBXBuildFile; fileRef = ED38BFAE22E318AE006AB79E /* AIRGoogleMapCalloutSubview.m */; };
		ED38BFDA22E318AE006AB79E /* AIRGoogleMapCalloutSubviewManager.m in Sources */ = {isa = PBXBuildFile; fileRef = ED38BFB022E318AE006AB79E /* AIRGoogleMapCalloutSubviewManager.m */; };
		ED38BFDB22E318AE006AB79E /* AIRGoogleMapCircle.m in Sources */ = {isa = PBXBuildFile; fileRef = ED38BFB222E318AE006AB79E /* AIRGoogleMapCircle.m */; };
		ED38BFDC22E318AE006AB79E /* AIRGoogleMapCircleManager.m in Sources */ = {isa = PBXBuildFile; fileRef = ED38BFB422E318AE006AB79E /* AIRGoogleMapCircleManager.m */; };
		ED38BFDD22E318AE006AB79E /* AIRGoogleMapManager.m in Sources */ = {isa = PBXBuildFile; fileRef = ED38BFB622E318AE006AB79E /* AIRGoogleMapManager.m */; };
		ED38BFDE22E318AE006AB79E /* AIRGoogleMapMarker.m in Sources */ = {isa = PBXBuildFile; fileRef = ED38BFB822E318AE006AB79E /* AIRGoogleMapMarker.m */; };
		ED38BFDF22E318AE006AB79E /* AIRGoogleMapMarkerManager.m in Sources */ = {isa = PBXBuildFile; fileRef = ED38BFBA22E318AE006AB79E /* AIRGoogleMapMarkerManager.m */; };
		ED38BFE022E318AE006AB79E /* AIRGoogleMapOverlay.m in Sources */ = {isa = PBXBuildFile; fileRef = ED38BFBC22E318AE006AB79E /* AIRGoogleMapOverlay.m */; };
		ED38BFE122E318AE006AB79E /* AIRGoogleMapOverlayManager.m in Sources */ = {isa = PBXBuildFile; fileRef = ED38BFBE22E318AE006AB79E /* AIRGoogleMapOverlayManager.m */; };
		ED38BFE222E318AE006AB79E /* AIRGoogleMapPolygon.m in Sources */ = {isa = PBXBuildFile; fileRef = ED38BFC022E318AE006AB79E /* AIRGoogleMapPolygon.m */; };
		ED38BFE322E318AE006AB79E /* AIRGoogleMapPolygonManager.m in Sources */ = {isa = PBXBuildFile; fileRef = ED38BFC222E318AE006AB79E /* AIRGoogleMapPolygonManager.m */; };
		ED38BFE422E318AE006AB79E /* AIRGoogleMapPolyline.m in Sources */ = {isa = PBXBuildFile; fileRef = ED38BFC422E318AE006AB79E /* AIRGoogleMapPolyline.m */; };
		ED38BFE522E318AE006AB79E /* AIRGoogleMapPolylineManager.m in Sources */ = {isa = PBXBuildFile; fileRef = ED38BFC622E318AE006AB79E /* AIRGoogleMapPolylineManager.m */; };
		ED38BFE622E318AE006AB79E /* AIRGoogleMapUrlTile.m in Sources */ = {isa = PBXBuildFile; fileRef = ED38BFC822E318AE006AB79E /* AIRGoogleMapUrlTile.m */; };
		ED38BFE722E318AE006AB79E /* AIRGoogleMapURLTileManager.m in Sources */ = {isa = PBXBuildFile; fileRef = ED38BFCA22E318AE006AB79E /* AIRGoogleMapURLTileManager.m */; };
		ED38BFE822E318AE006AB79E /* AIRGoogleMapWMSTile.m in Sources */ = {isa = PBXBuildFile; fileRef = ED38BFCC22E318AE006AB79E /* AIRGoogleMapWMSTile.m */; };
		ED38BFE922E318AE006AB79E /* AIRGoogleMapWMSTileManager.m in Sources */ = {isa = PBXBuildFile; fileRef = ED38BFCE22E318AE006AB79E /* AIRGoogleMapWMSTileManager.m */; };
		ED38BFEA22E318AE006AB79E /* RCTConvert+GMSMapViewType.m in Sources */ = {isa = PBXBuildFile; fileRef = ED38BFD022E318AE006AB79E /* RCTConvert+GMSMapViewType.m */; };
		ED5AFE1B22E1BBAA00718AF8 /* GoogleService-Info.plist in Resources */ = {isa = PBXBuildFile; fileRef = ED5AFE1A22E1BBAA00718AF8 /* GoogleService-Info.plist */; };
		F8E89417829A483CABA54F80 /* libRealmReact.a in Frameworks */ = {isa = PBXBuildFile; fileRef = 7AA4CA09AF3E455583420BE0 /* libRealmReact.a */; };
/* End PBXBuildFile section */

/* Begin PBXContainerItemProxy section */
		ED5AFE2122E1BF8B00718AF8 /* PBXContainerItemProxy */ = {
			isa = PBXContainerItemProxy;
			containerPortal = C70B6E237B364DE3B2CEC750 /* RealmReact.xcodeproj */;
			proxyType = 2;
			remoteGlobalIDString = F60690131CA2766F0003FB26;
			remoteInfo = RealmReact;
		};
/* End PBXContainerItemProxy section */

/* Begin PBXFileReference section */
		008F07F21AC5B25A0029DE68 /* main.jsbundle */ = {isa = PBXFileReference; fileEncoding = 4; lastKnownFileType = text; path = main.jsbundle; sourceTree = "<group>"; };
		00E356F11AD99517003FC87E /* Info.plist */ = {isa = PBXFileReference; lastKnownFileType = text.plist.xml; path = Info.plist; sourceTree = "<group>"; };
		00E356F21AD99517003FC87E /* TemplateTests.m */ = {isa = PBXFileReference; lastKnownFileType = sourcecode.c.objc; path = TemplateTests.m; sourceTree = "<group>"; };
		13B07F961A680F5B00A75B9A /* Template.app */ = {isa = PBXFileReference; explicitFileType = wrapper.application; includeInIndex = 0; path = Template.app; sourceTree = BUILT_PRODUCTS_DIR; };
		13B07FAF1A68108700A75B9A /* AppDelegate.h */ = {isa = PBXFileReference; fileEncoding = 4; lastKnownFileType = sourcecode.c.h; name = AppDelegate.h; path = Template/AppDelegate.h; sourceTree = "<group>"; };
		13B07FB01A68108700A75B9A /* AppDelegate.m */ = {isa = PBXFileReference; fileEncoding = 4; lastKnownFileType = sourcecode.c.objc; name = AppDelegate.m; path = Template/AppDelegate.m; sourceTree = "<group>"; };
		13B07FB21A68108700A75B9A /* Base */ = {isa = PBXFileReference; lastKnownFileType = file.xib; name = Base; path = Base.lproj/LaunchScreen.xib; sourceTree = "<group>"; };
		13B07FB51A68108700A75B9A /* Images.xcassets */ = {isa = PBXFileReference; lastKnownFileType = folder.assetcatalog; name = Images.xcassets; path = Template/Images.xcassets; sourceTree = "<group>"; };
		13B07FB61A68108700A75B9A /* Info.plist */ = {isa = PBXFileReference; fileEncoding = 4; lastKnownFileType = text.plist.xml; name = Info.plist; path = Template/Info.plist; sourceTree = "<group>"; };
		13B07FB71A68108700A75B9A /* main.m */ = {isa = PBXFileReference; fileEncoding = 4; lastKnownFileType = sourcecode.c.objc; name = main.m; path = Template/main.m; sourceTree = "<group>"; };
		2102B6E5766AA1D01C2ABAB1 /* Pods-Template.debug.xcconfig */ = {isa = PBXFileReference; includeInIndex = 1; lastKnownFileType = text.xcconfig; name = "Pods-Template.debug.xcconfig"; path = "Target Support Files/Pods-Template/Pods-Template.debug.xcconfig"; sourceTree = "<group>"; };
		384103AB1911CEEDF815BBAC /* libPods-Template.a */ = {isa = PBXFileReference; explicitFileType = archive.ar; includeInIndex = 0; path = "libPods-Template.a"; sourceTree = BUILT_PRODUCTS_DIR; };
		7AA4CA09AF3E455583420BE0 /* libRealmReact.a */ = {isa = PBXFileReference; explicitFileType = undefined; fileEncoding = 9; includeInIndex = 0; lastKnownFileType = archive.ar; path = libRealmReact.a; sourceTree = "<group>"; };
		83E0AFFD2D4146F0A65BABC1 /* libc++.tbd */ = {isa = PBXFileReference; explicitFileType = undefined; fileEncoding = 9; includeInIndex = 0; lastKnownFileType = "sourcecode.text-based-dylib-definition"; name = "libc++.tbd"; path = "usr/lib/libc++.tbd"; sourceTree = SDKROOT; };
		A362C6323031459289636160 /* libz.tbd */ = {isa = PBXFileReference; explicitFileType = undefined; fileEncoding = 9; includeInIndex = 0; lastKnownFileType = "sourcecode.text-based-dylib-definition"; name = libz.tbd; path = usr/lib/libz.tbd; sourceTree = SDKROOT; };
		A4B626D7F43ECD6A75D1CA21 /* Pods-Template.release.xcconfig */ = {isa = PBXFileReference; includeInIndex = 1; lastKnownFileType = text.xcconfig; name = "Pods-Template.release.xcconfig"; path = "Target Support Files/Pods-Template/Pods-Template.release.xcconfig"; sourceTree = "<group>"; };
		C70B6E237B364DE3B2CEC750 /* RealmReact.xcodeproj */ = {isa = PBXFileReference; explicitFileType = undefined; fileEncoding = 9; includeInIndex = 0; lastKnownFileType = "wrapper.pb-project"; name = RealmReact.xcodeproj; path = "../node_modules/realm/react-native/ios/RealmReact.xcodeproj"; sourceTree = "<group>"; };
		ED297162215061F000B7C4FE /* JavaScriptCore.framework */ = {isa = PBXFileReference; lastKnownFileType = wrapper.framework; name = JavaScriptCore.framework; path = System/Library/Frameworks/JavaScriptCore.framework; sourceTree = SDKROOT; };
		ED2971642150620600B7C4FE /* JavaScriptCore.framework */ = {isa = PBXFileReference; lastKnownFileType = wrapper.framework; name = JavaScriptCore.framework; path = Platforms/AppleTVOS.platform/Developer/SDKs/AppleTVOS12.0.sdk/System/Library/Frameworks/JavaScriptCore.framework; sourceTree = DEVELOPER_DIR; };
		ED38BF9F22E318AE006AB79E /* AIRDummyView.h */ = {isa = PBXFileReference; fileEncoding = 4; lastKnownFileType = sourcecode.c.h; path = AIRDummyView.h; sourceTree = "<group>"; };
		ED38BFA022E318AE006AB79E /* AIRDummyView.m */ = {isa = PBXFileReference; fileEncoding = 4; lastKnownFileType = sourcecode.c.objc; path = AIRDummyView.m; sourceTree = "<group>"; };
		ED38BFA122E318AE006AB79E /* AIRGMSMarker.h */ = {isa = PBXFileReference; fileEncoding = 4; lastKnownFileType = sourcecode.c.h; path = AIRGMSMarker.h; sourceTree = "<group>"; };
		ED38BFA222E318AE006AB79E /* AIRGMSMarker.m */ = {isa = PBXFileReference; fileEncoding = 4; lastKnownFileType = sourcecode.c.objc; path = AIRGMSMarker.m; sourceTree = "<group>"; };
		ED38BFA322E318AE006AB79E /* AIRGMSPolygon.h */ = {isa = PBXFileReference; fileEncoding = 4; lastKnownFileType = sourcecode.c.h; path = AIRGMSPolygon.h; sourceTree = "<group>"; };
		ED38BFA422E318AE006AB79E /* AIRGMSPolygon.m */ = {isa = PBXFileReference; fileEncoding = 4; lastKnownFileType = sourcecode.c.objc; path = AIRGMSPolygon.m; sourceTree = "<group>"; };
		ED38BFA522E318AE006AB79E /* AIRGMSPolyline.h */ = {isa = PBXFileReference; fileEncoding = 4; lastKnownFileType = sourcecode.c.h; path = AIRGMSPolyline.h; sourceTree = "<group>"; };
		ED38BFA622E318AE006AB79E /* AIRGMSPolyline.m */ = {isa = PBXFileReference; fileEncoding = 4; lastKnownFileType = sourcecode.c.objc; path = AIRGMSPolyline.m; sourceTree = "<group>"; };
		ED38BFA722E318AE006AB79E /* AIRGoogleMap.h */ = {isa = PBXFileReference; fileEncoding = 4; lastKnownFileType = sourcecode.c.h; path = AIRGoogleMap.h; sourceTree = "<group>"; };
		ED38BFA822E318AE006AB79E /* AIRGoogleMap.m */ = {isa = PBXFileReference; fileEncoding = 4; lastKnownFileType = sourcecode.c.objc; path = AIRGoogleMap.m; sourceTree = "<group>"; };
		ED38BFA922E318AE006AB79E /* AIRGoogleMapCallout.h */ = {isa = PBXFileReference; fileEncoding = 4; lastKnownFileType = sourcecode.c.h; path = AIRGoogleMapCallout.h; sourceTree = "<group>"; };
		ED38BFAA22E318AE006AB79E /* AIRGoogleMapCallout.m */ = {isa = PBXFileReference; fileEncoding = 4; lastKnownFileType = sourcecode.c.objc; path = AIRGoogleMapCallout.m; sourceTree = "<group>"; };
		ED38BFAB22E318AE006AB79E /* AIRGoogleMapCalloutManager.h */ = {isa = PBXFileReference; fileEncoding = 4; lastKnownFileType = sourcecode.c.h; path = AIRGoogleMapCalloutManager.h; sourceTree = "<group>"; };
		ED38BFAC22E318AE006AB79E /* AIRGoogleMapCalloutManager.m */ = {isa = PBXFileReference; fileEncoding = 4; lastKnownFileType = sourcecode.c.objc; path = AIRGoogleMapCalloutManager.m; sourceTree = "<group>"; };
		ED38BFAD22E318AE006AB79E /* AIRGoogleMapCalloutSubview.h */ = {isa = PBXFileReference; fileEncoding = 4; lastKnownFileType = sourcecode.c.h; path = AIRGoogleMapCalloutSubview.h; sourceTree = "<group>"; };
		ED38BFAE22E318AE006AB79E /* AIRGoogleMapCalloutSubview.m */ = {isa = PBXFileReference; fileEncoding = 4; lastKnownFileType = sourcecode.c.objc; path = AIRGoogleMapCalloutSubview.m; sourceTree = "<group>"; };
		ED38BFAF22E318AE006AB79E /* AIRGoogleMapCalloutSubviewManager.h */ = {isa = PBXFileReference; fileEncoding = 4; lastKnownFileType = sourcecode.c.h; path = AIRGoogleMapCalloutSubviewManager.h; sourceTree = "<group>"; };
		ED38BFB022E318AE006AB79E /* AIRGoogleMapCalloutSubviewManager.m */ = {isa = PBXFileReference; fileEncoding = 4; lastKnownFileType = sourcecode.c.objc; path = AIRGoogleMapCalloutSubviewManager.m; sourceTree = "<group>"; };
		ED38BFB122E318AE006AB79E /* AIRGoogleMapCircle.h */ = {isa = PBXFileReference; fileEncoding = 4; lastKnownFileType = sourcecode.c.h; path = AIRGoogleMapCircle.h; sourceTree = "<group>"; };
		ED38BFB222E318AE006AB79E /* AIRGoogleMapCircle.m */ = {isa = PBXFileReference; fileEncoding = 4; lastKnownFileType = sourcecode.c.objc; path = AIRGoogleMapCircle.m; sourceTree = "<group>"; };
		ED38BFB322E318AE006AB79E /* AIRGoogleMapCircleManager.h */ = {isa = PBXFileReference; fileEncoding = 4; lastKnownFileType = sourcecode.c.h; path = AIRGoogleMapCircleManager.h; sourceTree = "<group>"; };
		ED38BFB422E318AE006AB79E /* AIRGoogleMapCircleManager.m */ = {isa = PBXFileReference; fileEncoding = 4; lastKnownFileType = sourcecode.c.objc; path = AIRGoogleMapCircleManager.m; sourceTree = "<group>"; };
		ED38BFB522E318AE006AB79E /* AIRGoogleMapManager.h */ = {isa = PBXFileReference; fileEncoding = 4; lastKnownFileType = sourcecode.c.h; path = AIRGoogleMapManager.h; sourceTree = "<group>"; };
		ED38BFB622E318AE006AB79E /* AIRGoogleMapManager.m */ = {isa = PBXFileReference; fileEncoding = 4; lastKnownFileType = sourcecode.c.objc; path = AIRGoogleMapManager.m; sourceTree = "<group>"; };
		ED38BFB722E318AE006AB79E /* AIRGoogleMapMarker.h */ = {isa = PBXFileReference; fileEncoding = 4; lastKnownFileType = sourcecode.c.h; path = AIRGoogleMapMarker.h; sourceTree = "<group>"; };
		ED38BFB822E318AE006AB79E /* AIRGoogleMapMarker.m */ = {isa = PBXFileReference; fileEncoding = 4; lastKnownFileType = sourcecode.c.objc; path = AIRGoogleMapMarker.m; sourceTree = "<group>"; };
		ED38BFB922E318AE006AB79E /* AIRGoogleMapMarkerManager.h */ = {isa = PBXFileReference; fileEncoding = 4; lastKnownFileType = sourcecode.c.h; path = AIRGoogleMapMarkerManager.h; sourceTree = "<group>"; };
		ED38BFBA22E318AE006AB79E /* AIRGoogleMapMarkerManager.m */ = {isa = PBXFileReference; fileEncoding = 4; lastKnownFileType = sourcecode.c.objc; path = AIRGoogleMapMarkerManager.m; sourceTree = "<group>"; };
		ED38BFBB22E318AE006AB79E /* AIRGoogleMapOverlay.h */ = {isa = PBXFileReference; fileEncoding = 4; lastKnownFileType = sourcecode.c.h; path = AIRGoogleMapOverlay.h; sourceTree = "<group>"; };
		ED38BFBC22E318AE006AB79E /* AIRGoogleMapOverlay.m */ = {isa = PBXFileReference; fileEncoding = 4; lastKnownFileType = sourcecode.c.objc; path = AIRGoogleMapOverlay.m; sourceTree = "<group>"; };
		ED38BFBD22E318AE006AB79E /* AIRGoogleMapOverlayManager.h */ = {isa = PBXFileReference; fileEncoding = 4; lastKnownFileType = sourcecode.c.h; path = AIRGoogleMapOverlayManager.h; sourceTree = "<group>"; };
		ED38BFBE22E318AE006AB79E /* AIRGoogleMapOverlayManager.m */ = {isa = PBXFileReference; fileEncoding = 4; lastKnownFileType = sourcecode.c.objc; path = AIRGoogleMapOverlayManager.m; sourceTree = "<group>"; };
		ED38BFBF22E318AE006AB79E /* AIRGoogleMapPolygon.h */ = {isa = PBXFileReference; fileEncoding = 4; lastKnownFileType = sourcecode.c.h; path = AIRGoogleMapPolygon.h; sourceTree = "<group>"; };
		ED38BFC022E318AE006AB79E /* AIRGoogleMapPolygon.m */ = {isa = PBXFileReference; fileEncoding = 4; lastKnownFileType = sourcecode.c.objc; path = AIRGoogleMapPolygon.m; sourceTree = "<group>"; };
		ED38BFC122E318AE006AB79E /* AIRGoogleMapPolygonManager.h */ = {isa = PBXFileReference; fileEncoding = 4; lastKnownFileType = sourcecode.c.h; path = AIRGoogleMapPolygonManager.h; sourceTree = "<group>"; };
		ED38BFC222E318AE006AB79E /* AIRGoogleMapPolygonManager.m */ = {isa = PBXFileReference; fileEncoding = 4; lastKnownFileType = sourcecode.c.objc; path = AIRGoogleMapPolygonManager.m; sourceTree = "<group>"; };
		ED38BFC322E318AE006AB79E /* AIRGoogleMapPolyline.h */ = {isa = PBXFileReference; fileEncoding = 4; lastKnownFileType = sourcecode.c.h; path = AIRGoogleMapPolyline.h; sourceTree = "<group>"; };
		ED38BFC422E318AE006AB79E /* AIRGoogleMapPolyline.m */ = {isa = PBXFileReference; fileEncoding = 4; lastKnownFileType = sourcecode.c.objc; path = AIRGoogleMapPolyline.m; sourceTree = "<group>"; };
		ED38BFC522E318AE006AB79E /* AIRGoogleMapPolylineManager.h */ = {isa = PBXFileReference; fileEncoding = 4; lastKnownFileType = sourcecode.c.h; path = AIRGoogleMapPolylineManager.h; sourceTree = "<group>"; };
		ED38BFC622E318AE006AB79E /* AIRGoogleMapPolylineManager.m */ = {isa = PBXFileReference; fileEncoding = 4; lastKnownFileType = sourcecode.c.objc; path = AIRGoogleMapPolylineManager.m; sourceTree = "<group>"; };
		ED38BFC722E318AE006AB79E /* AIRGoogleMapUrlTile.h */ = {isa = PBXFileReference; fileEncoding = 4; lastKnownFileType = sourcecode.c.h; path = AIRGoogleMapUrlTile.h; sourceTree = "<group>"; };
		ED38BFC822E318AE006AB79E /* AIRGoogleMapUrlTile.m */ = {isa = PBXFileReference; fileEncoding = 4; lastKnownFileType = sourcecode.c.objc; path = AIRGoogleMapUrlTile.m; sourceTree = "<group>"; };
		ED38BFC922E318AE006AB79E /* AIRGoogleMapUrlTileManager.h */ = {isa = PBXFileReference; fileEncoding = 4; lastKnownFileType = sourcecode.c.h; path = AIRGoogleMapUrlTileManager.h; sourceTree = "<group>"; };
		ED38BFCA22E318AE006AB79E /* AIRGoogleMapURLTileManager.m */ = {isa = PBXFileReference; fileEncoding = 4; lastKnownFileType = sourcecode.c.objc; path = AIRGoogleMapURLTileManager.m; sourceTree = "<group>"; };
		ED38BFCB22E318AE006AB79E /* AIRGoogleMapWMSTile.h */ = {isa = PBXFileReference; fileEncoding = 4; lastKnownFileType = sourcecode.c.h; path = AIRGoogleMapWMSTile.h; sourceTree = "<group>"; };
		ED38BFCC22E318AE006AB79E /* AIRGoogleMapWMSTile.m */ = {isa = PBXFileReference; fileEncoding = 4; lastKnownFileType = sourcecode.c.objc; path = AIRGoogleMapWMSTile.m; sourceTree = "<group>"; };
		ED38BFCD22E318AE006AB79E /* AIRGoogleMapWMSTileManager.h */ = {isa = PBXFileReference; fileEncoding = 4; lastKnownFileType = sourcecode.c.h; path = AIRGoogleMapWMSTileManager.h; sourceTree = "<group>"; };
		ED38BFCE22E318AE006AB79E /* AIRGoogleMapWMSTileManager.m */ = {isa = PBXFileReference; fileEncoding = 4; lastKnownFileType = sourcecode.c.objc; path = AIRGoogleMapWMSTileManager.m; sourceTree = "<group>"; };
		ED38BFCF22E318AE006AB79E /* RCTConvert+GMSMapViewType.h */ = {isa = PBXFileReference; fileEncoding = 4; lastKnownFileType = sourcecode.c.h; path = "RCTConvert+GMSMapViewType.h"; sourceTree = "<group>"; };
		ED38BFD022E318AE006AB79E /* RCTConvert+GMSMapViewType.m */ = {isa = PBXFileReference; fileEncoding = 4; lastKnownFileType = sourcecode.c.objc; path = "RCTConvert+GMSMapViewType.m"; sourceTree = "<group>"; };
		ED5AFE1922E1BB5000718AF8 /* Template.entitlements */ = {isa = PBXFileReference; lastKnownFileType = text.plist.entitlements; name = Template.entitlements; path = Template/Template.entitlements; sourceTree = "<group>"; };
		ED5AFE1A22E1BBAA00718AF8 /* GoogleService-Info.plist */ = {isa = PBXFileReference; fileEncoding = 4; lastKnownFileType = text.plist.xml; name = "GoogleService-Info.plist"; path = "../../../../Downloads/GoogleService-Info.plist"; sourceTree = "<group>"; };
		ED98484422E46304005FBDDD /* libreact-native-camera.a */ = {isa = PBXFileReference; explicitFileType = archive.ar; path = "libreact-native-camera.a"; sourceTree = BUILT_PRODUCTS_DIR; };
/* End PBXFileReference section */

/* Begin PBXFrameworksBuildPhase section */
		13B07F8C1A680F5B00A75B9A /* Frameworks */ = {
			isa = PBXFrameworksBuildPhase;
			buildActionMask = 2147483647;
			files = (
				F8E89417829A483CABA54F80 /* libRealmReact.a in Frameworks */,
				C552B247F06F4FD9BD8726EF /* libc++.tbd in Frameworks */,
				69DA3F92EA734ADCBBAE9297 /* libz.tbd in Frameworks */,
				34825C5B0571A99EBFDC75AD /* libPods-Template.a in Frameworks */,
			);
			runOnlyForDeploymentPostprocessing = 0;
		};
/* End PBXFrameworksBuildPhase section */

/* Begin PBXGroup section */
		00E356EF1AD99517003FC87E /* TemplateTests */ = {
			isa = PBXGroup;
			children = (
				00E356F21AD99517003FC87E /* TemplateTests.m */,
				00E356F01AD99517003FC87E /* Supporting Files */,
			);
			path = TemplateTests;
			sourceTree = "<group>";
		};
		00E356F01AD99517003FC87E /* Supporting Files */ = {
			isa = PBXGroup;
			children = (
				00E356F11AD99517003FC87E /* Info.plist */,
			);
			name = "Supporting Files";
			sourceTree = "<group>";
		};
		13B07FAE1A68108700A75B9A /* Template */ = {
			isa = PBXGroup;
			children = (
				ED5AFE1922E1BB5000718AF8 /* Template.entitlements */,
				008F07F21AC5B25A0029DE68 /* main.jsbundle */,
				13B07FAF1A68108700A75B9A /* AppDelegate.h */,
				13B07FB01A68108700A75B9A /* AppDelegate.m */,
				13B07FB51A68108700A75B9A /* Images.xcassets */,
				13B07FB61A68108700A75B9A /* Info.plist */,
				13B07FB11A68108700A75B9A /* LaunchScreen.xib */,
				13B07FB71A68108700A75B9A /* main.m */,
				ED5AFE1A22E1BBAA00718AF8 /* GoogleService-Info.plist */,
			);
			name = Template;
			sourceTree = "<group>";
		};
		2D16E6871FA4F8E400B85C8A /* Frameworks */ = {
			isa = PBXGroup;
			children = (
				ED98484422E46304005FBDDD /* libreact-native-camera.a */,
				ED297162215061F000B7C4FE /* JavaScriptCore.framework */,
				ED2971642150620600B7C4FE /* JavaScriptCore.framework */,
				83E0AFFD2D4146F0A65BABC1 /* libc++.tbd */,
				A362C6323031459289636160 /* libz.tbd */,
				384103AB1911CEEDF815BBAC /* libPods-Template.a */,
			);
			name = Frameworks;
			sourceTree = "<group>";
		};
		610143E874C784B8C90AF207 /* Pods */ = {
			isa = PBXGroup;
			children = (
				2102B6E5766AA1D01C2ABAB1 /* Pods-Template.debug.xcconfig */,
				A4B626D7F43ECD6A75D1CA21 /* Pods-Template.release.xcconfig */,
			);
			path = Pods;
			sourceTree = "<group>";
		};
		832341AE1AAA6A7D00B99B32 /* Libraries */ = {
			isa = PBXGroup;
			children = (
				C70B6E237B364DE3B2CEC750 /* RealmReact.xcodeproj */,
			);
			name = Libraries;
			sourceTree = "<group>";
		};
		83CBB9F61A601CBA00E9B192 = {
			isa = PBXGroup;
			children = (
				ED38BF9E22E318AE006AB79E /* AirGoogleMaps */,
				13B07FAE1A68108700A75B9A /* Template */,
				832341AE1AAA6A7D00B99B32 /* Libraries */,
				00E356EF1AD99517003FC87E /* TemplateTests */,
				83CBBA001A601CBA00E9B192 /* Products */,
				2D16E6871FA4F8E400B85C8A /* Frameworks */,
				610143E874C784B8C90AF207 /* Pods */,
				ED5AFE1C22E1BF8A00718AF8 /* Recovered References */,
			);
			indentWidth = 2;
			sourceTree = "<group>";
			tabWidth = 2;
			usesTabs = 0;
		};
		83CBBA001A601CBA00E9B192 /* Products */ = {
			isa = PBXGroup;
			children = (
				13B07F961A680F5B00A75B9A /* Template.app */,
			);
			name = Products;
			sourceTree = "<group>";
		};
		ED38BF9E22E318AE006AB79E /* AirGoogleMaps */ = {
			isa = PBXGroup;
			children = (
				ED38BF9F22E318AE006AB79E /* AIRDummyView.h */,
				ED38BFA022E318AE006AB79E /* AIRDummyView.m */,
				ED38BFA122E318AE006AB79E /* AIRGMSMarker.h */,
				ED38BFA222E318AE006AB79E /* AIRGMSMarker.m */,
				ED38BFA322E318AE006AB79E /* AIRGMSPolygon.h */,
				ED38BFA422E318AE006AB79E /* AIRGMSPolygon.m */,
				ED38BFA522E318AE006AB79E /* AIRGMSPolyline.h */,
				ED38BFA622E318AE006AB79E /* AIRGMSPolyline.m */,
				ED38BFA722E318AE006AB79E /* AIRGoogleMap.h */,
				ED38BFA822E318AE006AB79E /* AIRGoogleMap.m */,
				ED38BFA922E318AE006AB79E /* AIRGoogleMapCallout.h */,
				ED38BFAA22E318AE006AB79E /* AIRGoogleMapCallout.m */,
				ED38BFAB22E318AE006AB79E /* AIRGoogleMapCalloutManager.h */,
				ED38BFAC22E318AE006AB79E /* AIRGoogleMapCalloutManager.m */,
				ED38BFAD22E318AE006AB79E /* AIRGoogleMapCalloutSubview.h */,
				ED38BFAE22E318AE006AB79E /* AIRGoogleMapCalloutSubview.m */,
				ED38BFAF22E318AE006AB79E /* AIRGoogleMapCalloutSubviewManager.h */,
				ED38BFB022E318AE006AB79E /* AIRGoogleMapCalloutSubviewManager.m */,
				ED38BFB122E318AE006AB79E /* AIRGoogleMapCircle.h */,
				ED38BFB222E318AE006AB79E /* AIRGoogleMapCircle.m */,
				ED38BFB322E318AE006AB79E /* AIRGoogleMapCircleManager.h */,
				ED38BFB422E318AE006AB79E /* AIRGoogleMapCircleManager.m */,
				ED38BFB522E318AE006AB79E /* AIRGoogleMapManager.h */,
				ED38BFB622E318AE006AB79E /* AIRGoogleMapManager.m */,
				ED38BFB722E318AE006AB79E /* AIRGoogleMapMarker.h */,
				ED38BFB822E318AE006AB79E /* AIRGoogleMapMarker.m */,
				ED38BFB922E318AE006AB79E /* AIRGoogleMapMarkerManager.h */,
				ED38BFBA22E318AE006AB79E /* AIRGoogleMapMarkerManager.m */,
				ED38BFBB22E318AE006AB79E /* AIRGoogleMapOverlay.h */,
				ED38BFBC22E318AE006AB79E /* AIRGoogleMapOverlay.m */,
				ED38BFBD22E318AE006AB79E /* AIRGoogleMapOverlayManager.h */,
				ED38BFBE22E318AE006AB79E /* AIRGoogleMapOverlayManager.m */,
				ED38BFBF22E318AE006AB79E /* AIRGoogleMapPolygon.h */,
				ED38BFC022E318AE006AB79E /* AIRGoogleMapPolygon.m */,
				ED38BFC122E318AE006AB79E /* AIRGoogleMapPolygonManager.h */,
				ED38BFC222E318AE006AB79E /* AIRGoogleMapPolygonManager.m */,
				ED38BFC322E318AE006AB79E /* AIRGoogleMapPolyline.h */,
				ED38BFC422E318AE006AB79E /* AIRGoogleMapPolyline.m */,
				ED38BFC522E318AE006AB79E /* AIRGoogleMapPolylineManager.h */,
				ED38BFC622E318AE006AB79E /* AIRGoogleMapPolylineManager.m */,
				ED38BFC722E318AE006AB79E /* AIRGoogleMapUrlTile.h */,
				ED38BFC822E318AE006AB79E /* AIRGoogleMapUrlTile.m */,
				ED38BFC922E318AE006AB79E /* AIRGoogleMapUrlTileManager.h */,
				ED38BFCA22E318AE006AB79E /* AIRGoogleMapURLTileManager.m */,
				ED38BFCB22E318AE006AB79E /* AIRGoogleMapWMSTile.h */,
				ED38BFCC22E318AE006AB79E /* AIRGoogleMapWMSTile.m */,
				ED38BFCD22E318AE006AB79E /* AIRGoogleMapWMSTileManager.h */,
				ED38BFCE22E318AE006AB79E /* AIRGoogleMapWMSTileManager.m */,
				ED38BFCF22E318AE006AB79E /* RCTConvert+GMSMapViewType.h */,
				ED38BFD022E318AE006AB79E /* RCTConvert+GMSMapViewType.m */,
			);
			path = AirGoogleMaps;
			sourceTree = "<group>";
		};
		ED5AFE1C22E1BF8A00718AF8 /* Recovered References */ = {
			isa = PBXGroup;
			children = (
				7AA4CA09AF3E455583420BE0 /* libRealmReact.a */,
			);
			name = "Recovered References";
			sourceTree = "<group>";
		};
		ED5AFE1E22E1BF8B00718AF8 /* Products */ = {
			isa = PBXGroup;
			children = (
				ED5AFE2222E1BF8B00718AF8 /* libRealmReact.a */,
			);
			name = Products;
			sourceTree = "<group>";
		};
/* End PBXGroup section */

/* Begin PBXNativeTarget section */
		13B07F861A680F5B00A75B9A /* Template */ = {
			isa = PBXNativeTarget;
			buildConfigurationList = 13B07F931A680F5B00A75B9A /* Build configuration list for PBXNativeTarget "Template" */;
			buildPhases = (
				A3DF16A6604EC06CC3598142 /* [CP] Check Pods Manifest.lock */,
				FD10A7F022414F080027D42C /* Start Packager */,
				13B07F871A680F5B00A75B9A /* Sources */,
				13B07F8C1A680F5B00A75B9A /* Frameworks */,
				13B07F8E1A680F5B00A75B9A /* Resources */,
				00DD1BFF1BD5951E006B06BC /* Bundle React Native code and images */,
				60549F3D2B6F1743CA1CA67E /* [CP] Copy Pods Resources */,
			);
			buildRules = (
			);
			dependencies = (
			);
			name = Template;
			productName = Template;
			productReference = 13B07F961A680F5B00A75B9A /* Template.app */;
			productType = "com.apple.product-type.application";
		};
/* End PBXNativeTarget section */

/* Begin PBXProject section */
		83CBB9F71A601CBA00E9B192 /* Project object */ = {
			isa = PBXProject;
			attributes = {
				LastUpgradeCheck = 940;
				ORGANIZATIONNAME = Facebook;
				TargetAttributes = {
					13B07F861A680F5B00A75B9A = {
						DevelopmentTeam = JB73KN4XYE;
						SystemCapabilities = {
							com.apple.BackgroundModes = {
								enabled = 1;
							};
							com.apple.Push = {
								enabled = 1;
							};
						};
					};
				};
			};
			buildConfigurationList = 83CBB9FA1A601CBA00E9B192 /* Build configuration list for PBXProject "Template" */;
			compatibilityVersion = "Xcode 3.2";
			developmentRegion = English;
			hasScannedForEncodings = 0;
			knownRegions = (
				en,
				Base,
			);
			mainGroup = 83CBB9F61A601CBA00E9B192;
			productRefGroup = 83CBBA001A601CBA00E9B192 /* Products */;
			projectDirPath = "";
			projectReferences = (
				{
					ProductGroup = ED5AFE1E22E1BF8B00718AF8 /* Products */;
					ProjectRef = C70B6E237B364DE3B2CEC750 /* RealmReact.xcodeproj */;
				},
			);
			projectRoot = "";
			targets = (
				13B07F861A680F5B00A75B9A /* Template */,
			);
		};
/* End PBXProject section */

/* Begin PBXReferenceProxy section */
		ED5AFE2222E1BF8B00718AF8 /* libRealmReact.a */ = {
			isa = PBXReferenceProxy;
			fileType = archive.ar;
			path = libRealmReact.a;
			remoteRef = ED5AFE2122E1BF8B00718AF8 /* PBXContainerItemProxy */;
			sourceTree = BUILT_PRODUCTS_DIR;
		};
/* End PBXReferenceProxy section */

/* Begin PBXResourcesBuildPhase section */
		13B07F8E1A680F5B00A75B9A /* Resources */ = {
			isa = PBXResourcesBuildPhase;
			buildActionMask = 2147483647;
			files = (
				13B07FBF1A68108700A75B9A /* Images.xcassets in Resources */,
				13B07FBD1A68108700A75B9A /* LaunchScreen.xib in Resources */,
				ED5AFE1B22E1BBAA00718AF8 /* GoogleService-Info.plist in Resources */,
			);
			runOnlyForDeploymentPostprocessing = 0;
		};
/* End PBXResourcesBuildPhase section */

/* Begin PBXShellScriptBuildPhase section */
		00DD1BFF1BD5951E006B06BC /* Bundle React Native code and images */ = {
			isa = PBXShellScriptBuildPhase;
			buildActionMask = 2147483647;
			files = (
			);
			inputPaths = (
			);
			name = "Bundle React Native code and images";
			outputPaths = (
			);
			runOnlyForDeploymentPostprocessing = 0;
			shellPath = /bin/sh;
			shellScript = "export NODE_BINARY=node\n../node_modules/react-native/scripts/react-native-xcode.sh";
		};
		60549F3D2B6F1743CA1CA67E /* [CP] Copy Pods Resources */ = {
			isa = PBXShellScriptBuildPhase;
			buildActionMask = 2147483647;
			files = (
			);
			inputFileListPaths = (
			);
			inputPaths = (
				"${PODS_ROOT}/Target Support Files/Pods-Template/Pods-Template-resources.sh",
				"${PODS_ROOT}/GoogleMaps/Maps/Frameworks/GoogleMaps.framework/Resources/GoogleMaps.bundle",
			);
			name = "[CP] Copy Pods Resources";
			outputFileListPaths = (
			);
			outputPaths = (
				"${TARGET_BUILD_DIR}/${UNLOCALIZED_RESOURCES_FOLDER_PATH}/GoogleMaps.bundle",
			);
			runOnlyForDeploymentPostprocessing = 0;
			shellPath = /bin/sh;
			shellScript = "\"${PODS_ROOT}/Target Support Files/Pods-Template/Pods-Template-resources.sh\"\n";
			showEnvVarsInLog = 0;
		};
		A3DF16A6604EC06CC3598142 /* [CP] Check Pods Manifest.lock */ = {
			isa = PBXShellScriptBuildPhase;
			buildActionMask = 2147483647;
			files = (
			);
			inputFileListPaths = (
			);
			inputPaths = (
				"${PODS_PODFILE_DIR_PATH}/Podfile.lock",
				"${PODS_ROOT}/Manifest.lock",
			);
			name = "[CP] Check Pods Manifest.lock";
			outputFileListPaths = (
			);
			outputPaths = (
				"$(DERIVED_FILE_DIR)/Pods-Template-checkManifestLockResult.txt",
			);
			runOnlyForDeploymentPostprocessing = 0;
			shellPath = /bin/sh;
			shellScript = "diff \"${PODS_PODFILE_DIR_PATH}/Podfile.lock\" \"${PODS_ROOT}/Manifest.lock\" > /dev/null\nif [ $? != 0 ] ; then\n    # print error to STDERR\n    echo \"error: The sandbox is not in sync with the Podfile.lock. Run 'pod install' or update your CocoaPods installation.\" >&2\n    exit 1\nfi\n# This output is used by Xcode 'outputs' to avoid re-running this script phase.\necho \"SUCCESS\" > \"${SCRIPT_OUTPUT_FILE_0}\"\n";
			showEnvVarsInLog = 0;
		};
		FD10A7F022414F080027D42C /* Start Packager */ = {
			isa = PBXShellScriptBuildPhase;
			buildActionMask = 2147483647;
			files = (
			);
			inputFileListPaths = (
			);
			inputPaths = (
			);
			name = "Start Packager";
			outputFileListPaths = (
			);
			outputPaths = (
			);
			runOnlyForDeploymentPostprocessing = 0;
			shellPath = /bin/sh;
			shellScript = "export RCT_METRO_PORT=\"${RCT_METRO_PORT:=8081}\"\necho \"export RCT_METRO_PORT=${RCT_METRO_PORT}\" > \"${SRCROOT}/../node_modules/react-native/scripts/.packager.env\"\nif [ -z \"${RCT_NO_LAUNCH_PACKAGER+xxx}\" ] ; then\n  if nc -w 5 -z localhost ${RCT_METRO_PORT} ; then\n    if ! curl -s \"http://localhost:${RCT_METRO_PORT}/status\" | grep -q \"packager-status:running\" ; then\n      echo \"Port ${RCT_METRO_PORT} already in use, packager is either not running or not running correctly\"\n      exit 2\n    fi\n  else\n    open \"$SRCROOT/../node_modules/react-native/scripts/launchPackager.command\" || echo \"Can't start packager automatically\"\n  fi\nfi\n";
			showEnvVarsInLog = 0;
		};
/* End PBXShellScriptBuildPhase section */

/* Begin PBXSourcesBuildPhase section */
		13B07F871A680F5B00A75B9A /* Sources */ = {
			isa = PBXSourcesBuildPhase;
			buildActionMask = 2147483647;
			files = (
				ED38BFD822E318AE006AB79E /* AIRGoogleMapCalloutManager.m in Sources */,
				ED38BFEA22E318AE006AB79E /* RCTConvert+GMSMapViewType.m in Sources */,
				ED38BFE322E318AE006AB79E /* AIRGoogleMapPolygonManager.m in Sources */,
				ED38BFD222E318AE006AB79E /* AIRDummyView.m in Sources */,
				ED38BFD422E318AE006AB79E /* AIRGMSPolygon.m in Sources */,
				ED38BFD522E318AE006AB79E /* AIRGMSPolyline.m in Sources */,
				ED38BFD722E318AE006AB79E /* AIRGoogleMapCallout.m in Sources */,
				ED38BFE922E318AE006AB79E /* AIRGoogleMapWMSTileManager.m in Sources */,
				ED38BFE422E318AE006AB79E /* AIRGoogleMapPolyline.m in Sources */,
				ED38BFE022E318AE006AB79E /* AIRGoogleMapOverlay.m in Sources */,
				ED38BFDA22E318AE006AB79E /* AIRGoogleMapCalloutSubviewManager.m in Sources */,
				ED38BFE222E318AE006AB79E /* AIRGoogleMapPolygon.m in Sources */,
				ED38BFE722E318AE006AB79E /* AIRGoogleMapURLTileManager.m in Sources */,
				13B07FBC1A68108700A75B9A /* AppDelegate.m in Sources */,
				ED38BFDC22E318AE006AB79E /* AIRGoogleMapCircleManager.m in Sources */,
				ED38BFD622E318AE006AB79E /* AIRGoogleMap.m in Sources */,
				ED38BFDB22E318AE006AB79E /* AIRGoogleMapCircle.m in Sources */,
				ED38BFDF22E318AE006AB79E /* AIRGoogleMapMarkerManager.m in Sources */,
				ED38BFE822E318AE006AB79E /* AIRGoogleMapWMSTile.m in Sources */,
				ED38BFDD22E318AE006AB79E /* AIRGoogleMapManager.m in Sources */,
				ED38BFD922E318AE006AB79E /* AIRGoogleMapCalloutSubview.m in Sources */,
				ED38BFD322E318AE006AB79E /* AIRGMSMarker.m in Sources */,
				ED38BFE122E318AE006AB79E /* AIRGoogleMapOverlayManager.m in Sources */,
				ED38BFE622E318AE006AB79E /* AIRGoogleMapUrlTile.m in Sources */,
				13B07FC11A68108700A75B9A /* main.m in Sources */,
				ED38BFE522E318AE006AB79E /* AIRGoogleMapPolylineManager.m in Sources */,
				ED38BFDE22E318AE006AB79E /* AIRGoogleMapMarker.m in Sources */,
			);
			runOnlyForDeploymentPostprocessing = 0;
		};
/* End PBXSourcesBuildPhase section */

/* Begin PBXVariantGroup section */
		13B07FB11A68108700A75B9A /* LaunchScreen.xib */ = {
			isa = PBXVariantGroup;
			children = (
				13B07FB21A68108700A75B9A /* Base */,
			);
			name = LaunchScreen.xib;
			path = Template;
			sourceTree = "<group>";
		};
/* End PBXVariantGroup section */

/* Begin XCBuildConfiguration section */
		13B07F941A680F5B00A75B9A /* Debug */ = {
			isa = XCBuildConfiguration;
			baseConfigurationReference = 2102B6E5766AA1D01C2ABAB1 /* Pods-Template.debug.xcconfig */;
			buildSettings = {
				ASSETCATALOG_COMPILER_APPICON_NAME = AppIcon;
				CODE_SIGN_ENTITLEMENTS = Template/Template.entitlements;
				CURRENT_PROJECT_VERSION = 1;
				DEAD_CODE_STRIPPING = NO;
				DEVELOPMENT_TEAM = JB73KN4XYE;
				GCC_PREPROCESSOR_DEFINITIONS = (
					"$(inherited)",
					"COCOAPODS=1",
					"$(inherited)",
					"GPB_USE_PROTOBUF_FRAMEWORK_IMPORTS=1",
					"$(inherited)",
					"PB_FIELD_32BIT=1",
					"PB_NO_PACKED_STRUCTS=1",
					"PB_ENABLE_MALLOC=1",
					"HAVE_GOOGLE_MAPS=1",
				);
				HEADER_SEARCH_PATHS = (
					"$(inherited)",
					"$(SRCROOT)/../node_modules/realm/src/**",
				);
				INFOPLIST_FILE = Template/Info.plist;
				LD_RUNPATH_SEARCH_PATHS = "$(inherited) @executable_path/Frameworks";
				LIBRARY_SEARCH_PATHS = "$(inherited)";
				OTHER_LDFLAGS = (
					"$(inherited)",
					"-ObjC",
					"-lc++",
				);
				PRODUCT_BUNDLE_IDENTIFIER = com.renalpraba.template;
				PRODUCT_NAME = Template;
				TARGETED_DEVICE_FAMILY = "1,2";
				VERSIONING_SYSTEM = "apple-generic";
			};
			name = Debug;
		};
		13B07F951A680F5B00A75B9A /* Release */ = {
			isa = XCBuildConfiguration;
			baseConfigurationReference = A4B626D7F43ECD6A75D1CA21 /* Pods-Template.release.xcconfig */;
			buildSettings = {
				ASSETCATALOG_COMPILER_APPICON_NAME = AppIcon;
				CODE_SIGN_ENTITLEMENTS = Template/Template.entitlements;
				CURRENT_PROJECT_VERSION = 1;
				DEVELOPMENT_TEAM = JB73KN4XYE;
				HEADER_SEARCH_PATHS = (
					"$(inherited)",
					"$(SRCROOT)/../node_modules/realm/src/**",
				);
				INFOPLIST_FILE = Template/Info.plist;
				LD_RUNPATH_SEARCH_PATHS = "$(inherited) @executable_path/Frameworks";
				LIBRARY_SEARCH_PATHS = "$(inherited)";
				OTHER_LDFLAGS = (
					"$(inherited)",
					"-ObjC",
					"-lc++",
				);
				PRODUCT_BUNDLE_IDENTIFIER = com.renalpraba.template;
				PRODUCT_NAME = Template;
				TARGETED_DEVICE_FAMILY = "1,2";
				VERSIONING_SYSTEM = "apple-generic";
			};
			name = Release;
		};
		83CBBA201A601CBA00E9B192 /* Debug */ = {
			isa = XCBuildConfiguration;
			buildSettings = {
				ALWAYS_SEARCH_USER_PATHS = NO;
				CLANG_CXX_LANGUAGE_STANDARD = "gnu++0x";
				CLANG_CXX_LIBRARY = "libc++";
				CLANG_ENABLE_MODULES = YES;
				CLANG_ENABLE_OBJC_ARC = YES;
				CLANG_WARN_BLOCK_CAPTURE_AUTORELEASING = YES;
				CLANG_WARN_BOOL_CONVERSION = YES;
				CLANG_WARN_COMMA = YES;
				CLANG_WARN_CONSTANT_CONVERSION = YES;
				CLANG_WARN_DEPRECATED_OBJC_IMPLEMENTATIONS = YES;
				CLANG_WARN_DIRECT_OBJC_ISA_USAGE = YES_ERROR;
				CLANG_WARN_EMPTY_BODY = YES;
				CLANG_WARN_ENUM_CONVERSION = YES;
				CLANG_WARN_INFINITE_RECURSION = YES;
				CLANG_WARN_INT_CONVERSION = YES;
				CLANG_WARN_NON_LITERAL_NULL_CONVERSION = YES;
				CLANG_WARN_OBJC_IMPLICIT_RETAIN_SELF = YES;
				CLANG_WARN_OBJC_LITERAL_CONVERSION = YES;
				CLANG_WARN_OBJC_ROOT_CLASS = YES_ERROR;
				CLANG_WARN_RANGE_LOOP_ANALYSIS = YES;
				CLANG_WARN_STRICT_PROTOTYPES = YES;
				CLANG_WARN_SUSPICIOUS_MOVE = YES;
				CLANG_WARN_UNREACHABLE_CODE = YES;
				CLANG_WARN__DUPLICATE_METHOD_MATCH = YES;
				"CODE_SIGN_IDENTITY[sdk=iphoneos*]" = "iPhone Developer";
				COPY_PHASE_STRIP = NO;
				ENABLE_STRICT_OBJC_MSGSEND = YES;
				ENABLE_TESTABILITY = YES;
				GCC_C_LANGUAGE_STANDARD = gnu99;
				GCC_DYNAMIC_NO_PIC = NO;
				GCC_NO_COMMON_BLOCKS = YES;
				GCC_OPTIMIZATION_LEVEL = 0;
				GCC_PREPROCESSOR_DEFINITIONS = (
					"DEBUG=1",
					"$(inherited)",
				);
				GCC_SYMBOLS_PRIVATE_EXTERN = NO;
				GCC_WARN_64_TO_32_BIT_CONVERSION = YES;
				GCC_WARN_ABOUT_RETURN_TYPE = YES_ERROR;
				GCC_WARN_UNDECLARED_SELECTOR = YES;
				GCC_WARN_UNINITIALIZED_AUTOS = YES_AGGRESSIVE;
				GCC_WARN_UNUSED_FUNCTION = YES;
				GCC_WARN_UNUSED_VARIABLE = YES;
				IPHONEOS_DEPLOYMENT_TARGET = 9.0;
				MTL_ENABLE_DEBUG_INFO = YES;
				ONLY_ACTIVE_ARCH = YES;
				SDKROOT = iphoneos;
			};
			name = Debug;
		};
		83CBBA211A601CBA00E9B192 /* Release */ = {
			isa = XCBuildConfiguration;
			buildSettings = {
				ALWAYS_SEARCH_USER_PATHS = NO;
				CLANG_CXX_LANGUAGE_STANDARD = "gnu++0x";
				CLANG_CXX_LIBRARY = "libc++";
				CLANG_ENABLE_MODULES = YES;
				CLANG_ENABLE_OBJC_ARC = YES;
				CLANG_WARN_BLOCK_CAPTURE_AUTORELEASING = YES;
				CLANG_WARN_BOOL_CONVERSION = YES;
				CLANG_WARN_COMMA = YES;
				CLANG_WARN_CONSTANT_CONVERSION = YES;
				CLANG_WARN_DEPRECATED_OBJC_IMPLEMENTATIONS = YES;
				CLANG_WARN_DIRECT_OBJC_ISA_USAGE = YES_ERROR;
				CLANG_WARN_EMPTY_BODY = YES;
				CLANG_WARN_ENUM_CONVERSION = YES;
				CLANG_WARN_INFINITE_RECURSION = YES;
				CLANG_WARN_INT_CONVERSION = YES;
				CLANG_WARN_NON_LITERAL_NULL_CONVERSION = YES;
				CLANG_WARN_OBJC_IMPLICIT_RETAIN_SELF = YES;
				CLANG_WARN_OBJC_LITERAL_CONVERSION = YES;
				CLANG_WARN_OBJC_ROOT_CLASS = YES_ERROR;
				CLANG_WARN_RANGE_LOOP_ANALYSIS = YES;
				CLANG_WARN_STRICT_PROTOTYPES = YES;
				CLANG_WARN_SUSPICIOUS_MOVE = YES;
				CLANG_WARN_UNREACHABLE_CODE = YES;
				CLANG_WARN__DUPLICATE_METHOD_MATCH = YES;
				"CODE_SIGN_IDENTITY[sdk=iphoneos*]" = "iPhone Developer";
				COPY_PHASE_STRIP = YES;
				ENABLE_NS_ASSERTIONS = NO;
				ENABLE_STRICT_OBJC_MSGSEND = YES;
				GCC_C_LANGUAGE_STANDARD = gnu99;
				GCC_NO_COMMON_BLOCKS = YES;
				GCC_WARN_64_TO_32_BIT_CONVERSION = YES;
				GCC_WARN_ABOUT_RETURN_TYPE = YES_ERROR;
				GCC_WARN_UNDECLARED_SELECTOR = YES;
				GCC_WARN_UNINITIALIZED_AUTOS = YES_AGGRESSIVE;
				GCC_WARN_UNUSED_FUNCTION = YES;
				GCC_WARN_UNUSED_VARIABLE = YES;
				IPHONEOS_DEPLOYMENT_TARGET = 9.0;
				MTL_ENABLE_DEBUG_INFO = NO;
				SDKROOT = iphoneos;
				VALIDATE_PRODUCT = YES;
			};
			name = Release;
		};
/* End XCBuildConfiguration section */

/* Begin XCConfigurationList section */
		13B07F931A680F5B00A75B9A /* Build configuration list for PBXNativeTarget "Template" */ = {
			isa = XCConfigurationList;
			buildConfigurations = (
				13B07F941A680F5B00A75B9A /* Debug */,
				13B07F951A680F5B00A75B9A /* Release */,
			);
			defaultConfigurationIsVisible = 0;
			defaultConfigurationName = Release;
		};
		83CBB9FA1A601CBA00E9B192 /* Build configuration list for PBXProject "Template" */ = {
			isa = XCConfigurationList;
			buildConfigurations = (
				83CBBA201A601CBA00E9B192 /* Debug */,
				83CBBA211A601CBA00E9B192 /* Release */,
			);
			defaultConfigurationIsVisible = 0;
			defaultConfigurationName = Release;
		};
/* End XCConfigurationList section */
	};
	rootObject = 83CBB9F71A601CBA00E9B192 /* Project object */;
}
